
Microsoft Visual Studio Solution File, Format Version 12.00
# Visual Studio 15
VisualStudioVersion = 15.0.27703.2042
MinimumVisualStudioVersion = 10.0.40219.1
Project("{9A19103F-16F7-4668-BE54-9A1E7A4F7556}") = "DapperDino", "DapperDino.Web\DapperDino.csproj", "{0527B02D-304A-4537-814A-C7816E981969}"
EndProject
Project("{9A19103F-16F7-4668-BE54-9A1E7A4F7556}") = "DapperDino.DAL", "DapperDino.DAL\DapperDino.DAL.csproj", "{5CCD6E4A-8275-439B-A578-F677538FE59D}"
EndProject
Project("{9A19103F-16F7-4668-BE54-9A1E7A4F7556}") = "DapperDino.Api", "DapperDino.Api\DapperDino.Api.csproj", "{BA59E7B7-2416-40F1-A356-5A5B5D596EA9}"
EndProject
Project("{9A19103F-16F7-4668-BE54-9A1E7A4F7556}") = "DapperDino.Core", "DapperDino.Core\DapperDino.Core.csproj", "{8517688C-17AF-4C38-A21E-C3AF31483910}"
EndProject
Project("{2150E333-8FDC-42A3-9474-1A3956D46DE8}") = "DapperDino.Web", "DapperDino.Web", "{037EA7A5-9872-4B87-9B57-B071184E00CC}"
EndProject
Project("{2150E333-8FDC-42A3-9474-1A3956D46DE8}") = "DapperDino.Core", "DapperDino.Core", "{0AEBD912-96FC-4CC6-8E95-962904F8ECEE}"
EndProject
Project("{2150E333-8FDC-42A3-9474-1A3956D46DE8}") = "DapperDino.DAL", "DapperDino.DAL", "{300833CF-F4F6-4ED0-8877-D2FD7E04F0D6}"
EndProject
Project("{9A19103F-16F7-4668-BE54-9A1E7A4F7556}") = "DapperDino.Jobs", "DapperDino.Jobs\DapperDino.Jobs.csproj", "{3D84F96C-652C-4FB9-A2D6-5B284864F446}"
EndProject
Project("{2150E333-8FDC-42A3-9474-1A3956D46DE8}") = "Solution Items", "Solution Items", "{28F739DE-7C13-47EA-92A6-1AEE39C5BB09}"
	ProjectSection(SolutionItems) = preProject
		.gitignore = .gitignore
	EndProjectSection
EndProject
Global
	GlobalSection(SolutionConfigurationPlatforms) = preSolution
		Debug|Any CPU = Debug|Any CPU
		Release|Any CPU = Release|Any CPU
	EndGlobalSection
	GlobalSection(ProjectConfigurationPlatforms) = postSolution
		{0527B02D-304A-4537-814A-C7816E981969}.Debug|Any CPU.ActiveCfg = Debug|Any CPU
		{0527B02D-304A-4537-814A-C7816E981969}.Debug|Any CPU.Build.0 = Debug|Any CPU
		{0527B02D-304A-4537-814A-C7816E981969}.Release|Any CPU.ActiveCfg = Release|Any CPU
		{0527B02D-304A-4537-814A-C7816E981969}.Release|Any CPU.Build.0 = Release|Any CPU
		{5CCD6E4A-8275-439B-A578-F677538FE59D}.Debug|Any CPU.ActiveCfg = Debug|Any CPU
		{5CCD6E4A-8275-439B-A578-F677538FE59D}.Debug|Any CPU.Build.0 = Debug|Any CPU
		{5CCD6E4A-8275-439B-A578-F677538FE59D}.Release|Any CPU.ActiveCfg = Release|Any CPU
		{5CCD6E4A-8275-439B-A578-F677538FE59D}.Release|Any CPU.Build.0 = Release|Any CPU
		{BA59E7B7-2416-40F1-A356-5A5B5D596EA9}.Debug|Any CPU.ActiveCfg = Debug|Any CPU
		{BA59E7B7-2416-40F1-A356-5A5B5D596EA9}.Debug|Any CPU.Build.0 = Debug|Any CPU
		{BA59E7B7-2416-40F1-A356-5A5B5D596EA9}.Release|Any CPU.ActiveCfg = Release|Any CPU
		{BA59E7B7-2416-40F1-A356-5A5B5D596EA9}.Release|Any CPU.Build.0 = Release|Any CPU
		{8517688C-17AF-4C38-A21E-C3AF31483910}.Debug|Any CPU.ActiveCfg = Debug|Any CPU
		{8517688C-17AF-4C38-A21E-C3AF31483910}.Debug|Any CPU.Build.0 = Debug|Any CPU
		{8517688C-17AF-4C38-A21E-C3AF31483910}.Release|Any CPU.ActiveCfg = Release|Any CPU
		{8517688C-17AF-4C38-A21E-C3AF31483910}.Release|Any CPU.Build.0 = Release|Any CPU
		{3D84F96C-652C-4FB9-A2D6-5B284864F446}.Debug|Any CPU.ActiveCfg = Debug|Any CPU
		{3D84F96C-652C-4FB9-A2D6-5B284864F446}.Debug|Any CPU.Build.0 = Debug|Any CPU
		{3D84F96C-652C-4FB9-A2D6-5B284864F446}.Release|Any CPU.ActiveCfg = Release|Any CPU
		{3D84F96C-652C-4FB9-A2D6-5B284864F446}.Release|Any CPU.Build.0 = Release|Any CPU
	EndGlobalSection
	GlobalSection(SolutionProperties) = preSolution
		HideSolutionNode = FALSE
	EndGlobalSection
	GlobalSection(NestedProjects) = preSolution
		{0527B02D-304A-4537-814A-C7816E981969} = {037EA7A5-9872-4B87-9B57-B071184E00CC}
		{5CCD6E4A-8275-439B-A578-F677538FE59D} = {300833CF-F4F6-4ED0-8877-D2FD7E04F0D6}
		{BA59E7B7-2416-40F1-A356-5A5B5D596EA9} = {037EA7A5-9872-4B87-9B57-B071184E00CC}
		{8517688C-17AF-4C38-A21E-C3AF31483910} = {0AEBD912-96FC-4CC6-8E95-962904F8ECEE}
		{3D84F96C-652C-4FB9-A2D6-5B284864F446} = {0AEBD912-96FC-4CC6-8E95-962904F8ECEE}
	EndGlobalSection
	GlobalSection(ExtensibilityGlobals) = postSolution
		SolutionGuid = {F2A29FB9-67AD-43A7-920B-1DD0E68A1E76}
	EndGlobalSection
EndGlobal
